{
  "name": "example-manifest",
  "lockfileVersion": 2,
  "requires": true,
  "packages": {
    "": {
      "name": "example-manifest",
      "dependencies": {
        "hawk": "9.0.1",
        "@hapi/hoek": "^11.0.2"
      },
      "optionalDependencies": {
        "uuid": "^9.0.0"
      },
      "devDependencies": {
        "depth": "^0.1.1"
      },
      "peerDependencies": {
        "moment": "^2.29.4"
      },
      "bundledDependencies": [ "hoek" ]
    },
    "node_modules/hawk/node_modules/@hapi/b64/node_modules/@hapi/hoek": {
      "version": "9.3.0",
      "resolved": "https://registry.npmjs.org/@hapi/hoek/-/hoek-9.3.0.tgz",
      "integrity": "sha512-/c6rf4UJlmHlC9b5BaNvzAcFv7HZ2QHaV0D4/HNlBdvFnvQq8RI4kYdhyPCl7Xj+oWvTWQ8ujhqS53LIgAe6KQ=="
    },
    "node_modules/hawk/node_modules/@hapi/cryptiles/node_modules/@hapi/boom/node_modules/@hapi/hoek": {
      "version": "9.3.0",
      "resolved": "https://registry.npmjs.org/@hapi/hoek/-/hoek-9.3.0.tgz",
      "integrity": "sha512-/c6rf4UJlmHlC9b5BaNvzAcFv7HZ2QHaV0D4/HNlBdvFnvQq8RI4kYdhyPCl7Xj+oWvTWQ8ujhqS53LIgAe6KQ=="
    },
    "node_modules/hawk/node_modules/@hapi/b64": {
      "version": "5.0.0",
      "dependencies": {
        "@hapi/hoek": "9.x.x"
      },
      "resolved": "https://registry.npmjs.org/@hapi/b64/-/b64-5.0.0.tgz",
      "integrity": "sha512-ngu0tSEmrezoiIaNGG6rRvKOUkUuDdf4XTPnONHGYfSGRmDqPZX5oJL6HAdKTo1UQHECbdB4OzhWrfgVppjHUw=="
    },
    "node_modules/hawk/node_modules/@hapi/cryptiles/node_modules/@hapi/boom": {
      "version": "9.1.4",
      "dependencies": {
        "@hapi/hoek": "9.x.x"
      },
      "resolved": "https://registry.npmjs.org/@hapi/boom/-/boom-9.1.4.tgz",
      "integrity": "sha512-Ls1oH8jaN1vNsqcaHVYJrKmgMcKsC1wcp8bujvXrHaAqD2iDYq3HoOwsxwo09Cuda5R5nC0o0IxlrlTuvPuzSw=="
    },
    "node_modules/hawk/node_modules/@hapi/cryptiles": {
      "version": "5.1.0",
      "dependencies": {
        "@hapi/boom": "9.x.x"
      },
      "resolved": "https://registry.npmjs.org/@hapi/cryptiles/-/cryptiles-5.1.0.tgz",
      "integrity": "sha512-fo9+d1Ba5/FIoMySfMqPBR/7Pa29J2RsiPrl7bkwo5W5o+AN1dAYQRi4SPrPwwVxVGKjgLOEWrsvt1BonJSfLA==",
      "engines": {
        "node": ">=12.0.0"
      }
    },
    "node_modules/hawk/node_modules/@hapi/boom": {
      "version": "9.1.4",
      "dependencies": {
        "@hapi/hoek": "9.x.x"
      },
      "resolved": "https://registry.npmjs.org/@hapi/boom/-/boom-9.1.4.tgz",
      "integrity": "sha512-Ls1oH8jaN1vNsqcaHVYJrKmgMcKsC1wcp8bujvXrHaAqD2iDYq3HoOwsxwo09Cuda5R5nC0o0IxlrlTuvPuzSw=="
    },
    "node_modules/moment": {
      "version": "2.29.4",
      "peer": true,
      "resolved": "https://registry.npmjs.org/moment/-/moment-2.29.4.tgz",
      "integrity": "sha512-5LC9SOxjSc2HF6vO2CyuTDNivEdoz2IvyJJGj6X8DJ0eFyfszE0QiEd+iXmBvUP3WHxSjFH/vIsA0EN00cgr8w==",
      "engines": {
        "node": "*"
      }
    },
    "node_modules/@hapi/hoek": {
      "version": "11.0.2",
      "resolved": "https://registry.npmjs.org/@hapi/hoek/-/hoek-11.0.2.tgz",
      "integrity": "sha512-aKmlCO57XFZ26wso4rJsW4oTUnrgTFw2jh3io7CAtO9w4UltBNwRXvXIVzzyfkaaLRo3nluP/19msA8vDUUuKw=="
    },
    "node_modules/depth": {
      "version": "0.1.1",
      "dependencies": {
        "is-directory": "^0.2.1"
      },
      "dev": true,
      "resolved": "https://registry.npmjs.org/depth/-/depth-0.1.1.tgz",
      "integrity": "sha512-YbIOt2fJ0eoOMkEoB/XslozW/WmjJSWH6evLgH+mjVetZ9zPjcVAVTAVVhEBhBnM+1Dv4j146lEGCiqDOzsucw==",
      "engines": {
        "node": ">=0.10.0"
      }
    },
    "node_modules/depth/node_modules/is-directory": {
      "version": "0.2.3",
      "dev": true,
      "resolved": "https://registry.npmjs.org/is-directory/-/is-directory-0.2.3.tgz",
      "integrity": "sha512-XbnAq9Uw37vufdlDOgjxcw1DSnq864NssIgtD7WN4SJtLxUXtJlHtAfBBPO3CdCgdKbqIKTZrmvzwxNnU4LhHQ==",
      "engines": {
        "node": ">=0.10.0"
      }
    },
    "node_modules/hawk/node_modules/@hapi/hoek": {
      "version": "9.3.0",
      "resolved": "https://registry.npmjs.org/@hapi/hoek/-/hoek-9.3.0.tgz",
      "integrity": "sha512-/c6rf4UJlmHlC9b5BaNvzAcFv7HZ2QHaV0D4/HNlBdvFnvQq8RI4kYdhyPCl7Xj+oWvTWQ8ujhqS53LIgAe6KQ=="
    },
    "node_modules/uuid": {
      "version": "9.0.0",
      "optional": true,
      "resolved": "https://registry.npmjs.org/uuid/-/uuid-9.0.0.tgz",
      "integrity": "sha512-MXcSTerfPa4uqyzStbRoTgt5XIe3x5+42+q1sDuy3R5MDk66URdLMOZe5aPX/SQd+kuYAh0FdP/pO28IkQyTeg==",
      "bin": {
        "uuid": "dist/bin/uuid"
      }
    },
    "node_modules/hawk/node_modules/@hapi/boom/node_modules/@hapi/hoek": {
      "version": "9.3.0",
      "resolved": "https://registry.npmjs.org/@hapi/hoek/-/hoek-9.3.0.tgz",
      "integrity": "sha512-/c6rf4UJlmHlC9b5BaNvzAcFv7HZ2QHaV0D4/HNlBdvFnvQq8RI4kYdhyPCl7Xj+oWvTWQ8ujhqS53LIgAe6KQ=="
    },
    "node_modules/hawk": {
      "version": "9.0.1",
      "dependencies": {
        "@hapi/hoek": "9.x.x",
        "@hapi/b64": "5.x.x",
        "@hapi/boom": "9.x.x",
        "@hapi/cryptiles": "5.x.x"
      },
      "resolved": "https://registry.npmjs.org/hawk/-/hawk-9.0.1.tgz",
      "integrity": "sha512-H2E+5ATFEXmorgVzYl3NzG3PCo2e+euYrHDnRpLLdOtJrQHGRXrJT9/joWnrkHCtzDZkaNoLXg/+TsSkD06eNg=="
    }
  },
  "dependencies": {
    "@hapi/hoek": {
      "version": "11.0.2",
      "resolved": "https://registry.npmjs.org/@hapi/hoek/-/hoek-11.0.2.tgz",
      "integrity": "sha512-aKmlCO57XFZ26wso4rJsW4oTUnrgTFw2jh3io7CAtO9w4UltBNwRXvXIVzzyfkaaLRo3nluP/19msA8vDUUuKw==",
      "requires": {
        "hawk": "9.0.1",
        "@hapi/hoek": "^11.0.2"
      }
    },
    "hawk": {
      "version": "9.0.1",
      "resolved": "https://registry.npmjs.org/hawk/-/hawk-9.0.1.tgz",
      "integrity": "sha512-H2E+5ATFEXmorgVzYl3NzG3PCo2e+euYrHDnRpLLdOtJrQHGRXrJT9/joWnrkHCtzDZkaNoLXg/+TsSkD06eNg==",
      "requires": {
        "hawk": "9.0.1",
        "@hapi/hoek": "^11.0.2"
      },
      "dependencies": {
        "@hapi/hoek": {
          "version": "9.3.0",
          "resolved": "https://registry.npmjs.org/@hapi/hoek/-/hoek-9.3.0.tgz",
          "integrity": "sha512-/c6rf4UJlmHlC9b5BaNvzAcFv7HZ2QHaV0D4/HNlBdvFnvQq8RI4kYdhyPCl7Xj+oWvTWQ8ujhqS53LIgAe6KQ==",
          "requires": {
            "@hapi/hoek": "9.x.x",
            "@hapi/b64": "5.x.x",
            "@hapi/boom": "9.x.x",
            "@hapi/cryptiles": "5.x.x"
          }
        },
        "@hapi/b64": {
          "version": "5.0.0",
          "resolved": "https://registry.npmjs.org/@hapi/b64/-/b64-5.0.0.tgz",
          "integrity": "sha512-ngu0tSEmrezoiIaNGG6rRvKOUkUuDdf4XTPnONHGYfSGRmDqPZX5oJL6HAdKTo1UQHECbdB4OzhWrfgVppjHUw==",
          "requires": {
            "@hapi/hoek": "9.x.x",
            "@hapi/b64": "5.x.x",
            "@hapi/boom": "9.x.x",
            "@hapi/cryptiles": "5.x.x"
          },
          "dependencies": {
            "@hapi/hoek": {
              "version": "9.3.0",
              "resolved": "https://registry.npmjs.org/@hapi/hoek/-/hoek-9.3.0.tgz",
              "integrity": "sha512-/c6rf4UJlmHlC9b5BaNvzAcFv7HZ2QHaV0D4/HNlBdvFnvQq8RI4kYdhyPCl7Xj+oWvTWQ8ujhqS53LIgAe6KQ==",
              "requires": {
                "@hapi/hoek": "9.x.x"
              }
            }
          }
        },
        "@hapi/boom": {
          "version": "9.1.4",
          "resolved": "https://registry.npmjs.org/@hapi/boom/-/boom-9.1.4.tgz",
          "integrity": "sha512-Ls1oH8jaN1vNsqcaHVYJrKmgMcKsC1wcp8bujvXrHaAqD2iDYq3HoOwsxwo09Cuda5R5nC0o0IxlrlTuvPuzSw==",
          "requires": {
            "@hapi/hoek": "9.x.x",
            "@hapi/b64": "5.x.x",
            "@hapi/boom": "9.x.x",
            "@hapi/cryptiles": "5.x.x"
          },
          "dependencies": {
            "@hapi/hoek": {
              "version": "9.3.0",
              "resolved": "https://registry.npmjs.org/@hapi/hoek/-/hoek-9.3.0.tgz",
              "integrity": "sha512-/c6rf4UJlmHlC9b5BaNvzAcFv7HZ2QHaV0D4/HNlBdvFnvQq8RI4kYdhyPCl7Xj+oWvTWQ8ujhqS53LIgAe6KQ==",
              "requires": {
                "@hapi/hoek": "9.x.x"
              }
            }
          }
        },
        "@hapi/cryptiles": {
          "version": "5.1.0",
          "resolved": "https://registry.npmjs.org/@hapi/cryptiles/-/cryptiles-5.1.0.tgz",
          "integrity": "sha512-fo9+d1Ba5/FIoMySfMqPBR/7Pa29J2RsiPrl7bkwo5W5o+AN1dAYQRi4SPrPwwVxVGKjgLOEWrsvt1BonJSfLA==",
          "requires": {
            "@hapi/hoek": "9.x.x",
            "@hapi/b64": "5.x.x",
            "@hapi/boom": "9.x.x",
            "@hapi/cryptiles": "5.x.x"
          },
          "dependencies": {
            "@hapi/boom": {
              "version": "9.1.4",
              "resolved": "https://registry.npmjs.org/@hapi/boom/-/boom-9.1.4.tgz",
              "integrity": "sha512-Ls1oH8jaN1vNsqcaHVYJrKmgMcKsC1wcp8bujvXrHaAqD2iDYq3HoOwsxwo09Cuda5R5nC0o0IxlrlTuvPuzSw==",
              "requires": {
                "@hapi/boom": "9.x.x"
              },
              "dependencies": {
                "@hapi/hoek": {
                  "version": "9.3.0",
                  "resolved": "https://registry.npmjs.org/@hapi/hoek/-/hoek-9.3.0.tgz",
                  "integrity": "sha512-/c6rf4UJlmHlC9b5BaNvzAcFv7HZ2QHaV0D4/HNlBdvFnvQq8RI4kYdhyPCl7Xj+oWvTWQ8ujhqS53LIgAe6KQ==",
                  "requires": {
                    "@hapi/hoek": "9.x.x"
                  }
                }
              }
            }
          }
        }
      }
    }
  }
}