{
  "name": "example-manifest",
  "version": "0.0.0",
  "lockfileVersion": 2,
  "requires": true,
  "packages": {
    "": {
      "version": "0.0.0",
      "name": "example-manifest",
      "dependencies": {
        "hawk": "5.0.0",
        "hoek": "6.1.3"
      }
    },
    "node_modules/hawknode_modules/sntp": {
      "version": "2.1.0",
      "resolved": "https://registry.npmjs.org/sntp/-/sntp-2.1.0.tgz",
      "integrity": "sha512-FL1b58BDrqS3A11lJ0zEdnJ3UOKqVxawAkF3k7F0CVN7VQ34aZrV+G8BZ1WC9ZL7NyrwsW0oviwsWDgRuVYtJg==",
      "deprecated": true,
      "hasInstallScript": false,
      "hasShrinkwrap": false,
      "license": "BSD-3-Clause",
      "dependencies": {
        "hoek": "4.x.x"
      },
      "bin": { },
      "optionalDependencies": { }
    },
    "node_modules/hawknode_modules/sntpnode_modules/boom": {
      "version": "4.2.1",
      "resolved": "https://registry.npmjs.org/hoek/-/hoek-4.2.1.tgz",
      "integrity": "sha512-QLg82fGkfnJ/4iy1xZ81/9SIJiq1NGFUMGs6ParyjBZr6jW2Ufj/snDqTHixNlHdPNwN2RLVD0Pi3igeK9+JfA==",
      "deprecated": true,
      "hasInstallScript": false,
      "hasShrinkwrap": false,
      "license": "BSD-3-Clause",
      "dependencies": { },
      "bin": { },
      "optionalDependencies": { }
    },
    "node_modules/hawknode_modules/sntpnode_modules/boomnode_modules/cryptilesnode_modules/boom": {
      "version": "6.1.3",
      "resolved": "https://registry.npmjs.org/hoek/-/hoek-6.1.3.tgz",
      "integrity": "sha512-YXXAAhmF9zpQbC7LEcREFtXfGq5K1fmd+4PHkBq8NUqmzW3G+Dq10bI/i0KucLRwss3YYFQ0fSfoxBZYiGUqtQ==",
      "deprecated": true,
      "hasInstallScript": false,
      "hasShrinkwrap": false,
      "license": "BSD-3-Clause",
      "dependencies": { },
      "bin": { },
      "optionalDependencies": { }
    }
  },
  "dependencies": { }
}