{
  "name": "example-manifest",
  "lockfileVersion": 2,
  "requires": true,
  "packages": {
    "node_modules/hawk/node_modules/@hapi/b64/node_modules/@hapi/hoek": {
      "name": null,
      "version": "9.3.0",
      "dependencies": { },
      "dev": false,
      "optional": false,
      "resolved": null,
      "inBundle": false
    },
    "node_modules/hawk/node_modules/@hapi/hoek": {
      "name": null,
      "version": "9.3.0",
      "dependencies": { },
      "dev": false,
      "optional": false,
      "resolved": null,
      "inBundle": false
    },
    "node_modules/hawk/node_modules/@hapi/boom/node_modules/@hapi/hoek": {
      "name": null,
      "version": "9.3.0",
      "dependencies": { },
      "dev": false,
      "optional": false,
      "resolved": null,
      "inBundle": false
    },
    "node_modules/hawk/node_modules/@hapi/cryptiles/node_modules/@hapi/boom/node_modules/@hapi/hoek": {
      "name": null,
      "version": "9.3.0",
      "dependencies": { },
      "dev": false,
      "optional": false,
      "resolved": null,
      "inBundle": false
    },
    "node_modules/hawk": {
      "name": null,
      "version": "9.0.1",
      "dependencies": {
        "@hapi/hoek": "9.x.x",
        "@hapi/b64": "5.x.x",
        "@hapi/boom": "9.x.x",
        "@hapi/cryptiles": "5.x.x"
      },
      "dev": false,
      "optional": false,
      "resolved": null,
      "inBundle": false
    },
    "node_modules/hawk/node_modules/@hapi/b64": {
      "name": null,
      "version": "5.0.0",
      "dependencies": {
        "@hapi/hoek": "9.x.x"
      },
      "dev": false,
      "optional": false,
      "resolved": null,
      "inBundle": false
    },
    "node_modules/hawk/node_modules/@hapi/cryptiles/node_modules/@hapi/boom": {
      "name": null,
      "version": "9.1.4",
      "dependencies": {
        "@hapi/hoek": "9.x.x"
      },
      "dev": false,
      "optional": false,
      "resolved": null,
      "inBundle": false
    },
    "node_modules/hoek": {
      "name": null,
      "version": "6.1.3",
      "dependencies": { },
      "dev": false,
      "optional": false,
      "resolved": null,
      "inBundle": false
    },
    "node_modules/hawk/node_modules/@hapi/cryptiles": {
      "name": null,
      "version": "5.1.0",
      "dependencies": {
        "@hapi/boom": "9.x.x"
      },
      "dev": false,
      "optional": false,
      "resolved": null,
      "inBundle": false
    },
    "node_modules/hawk/node_modules/@hapi/boom": {
      "name": null,
      "version": "9.1.4",
      "dependencies": {
        "@hapi/hoek": "9.x.x"
      },
      "dev": false,
      "optional": false,
      "resolved": null,
      "inBundle": false
    }
  },
  "dependencies": { }
}